// !$*UTF8*$!
{
	archiveVersion = 1;
	classes = {
	};
	objectVersion = 50;
	objects = {

/* Begin PBXBuildFile section */
		94495B3F20F8BC7000C980ED /* AppDelegate.m in Sources */ = {isa = PBXBuildFile; fileRef = 94495B3E20F8BC7000C980ED /* AppDelegate.m */; };
		94495B4220F8BC7000C980ED /* ViewController.m in Sources */ = {isa = PBXBuildFile; fileRef = 94495B4120F8BC7000C980ED /* ViewController.m */; };
		94495B4520F8BC7000C980ED /* Main.storyboard in Resources */ = {isa = PBXBuildFile; fileRef = 94495B4320F8BC7000C980ED /* Main.storyboard */; };
		94495B4720F8BC7100C980ED /* Assets.xcassets in Resources */ = {isa = PBXBuildFile; fileRef = 94495B4620F8BC7100C980ED /* Assets.xcassets */; };
		94495B4A20F8BC7100C980ED /* LaunchScreen.storyboard in Resources */ = {isa = PBXBuildFile; fileRef = 94495B4820F8BC7100C980ED /* LaunchScreen.storyboard */; };
		94495B4D20F8BC7100C980ED /* main.m in Sources */ = {isa = PBXBuildFile; fileRef = 94495B4C20F8BC7100C980ED /* main.m */; };
		94495B5620F8BCAB00C980ED /* CustomCell.m in Sources */ = {isa = PBXBuildFile; fileRef = 94495B5420F8BCAB00C980ED /* CustomCell.m */; };
		94495B5720F8BCAB00C980ED /* CustomCell.xib in Resources */ = {isa = PBXBuildFile; fileRef = 94495B5520F8BCAB00C980ED /* CustomCell.xib */; };
/* End PBXBuildFile section */

/* Begin PBXFileReference section */
		94495B3A20F8BC7000C980ED /* TableViewCellBorder.app */ = {isa = PBXFileReference; explicitFileType = wrapper.application; includeInIndex = 0; path = TableViewCellBorder.app; sourceTree = BUILT_PRODUCTS_DIR; };
		94495B3D20F8BC7000C980ED /* AppDelegate.h */ = {isa = PBXFileReference; lastKnownFileType = sourcecode.c.h; path = AppDelegate.h; sourceTree = "<group>"; };
		94495B3E20F8BC7000C980ED /* AppDelegate.m */ = {isa = PBXFileReference; lastKnownFileType = sourcecode.c.objc; path = AppDelegate.m; sourceTree = "<group>"; };
		94495B4020F8BC7000C980ED /* ViewController.h */ = {isa = PBXFileReference; lastKnownFileType = sourcecode.c.h; path = ViewController.h; sourceTree = "<group>"; };
		94495B4120F8BC7000C980ED /* ViewController.m */ = {isa = PBXFileReference; lastKnownFileType = sourcecode.c.objc; path = ViewController.m; sourceTree = "<group>"; };
		94495B4420F8BC7000C980ED /* Base */ = {isa = PBXFileReference; lastKnownFileType = file.storyboard; name = Base; path = Base.lproj/Main.storyboard; sourceTree = "<group>"; };
		94495B4620F8BC7100C980ED /* Assets.xcassets */ = {isa = PBXFileReference; lastKnownFileType = folder.assetcatalog; path = Assets.xcassets; sourceTree = "<group>"; };
		94495B4920F8BC7100C980ED /* Base */ = {isa = PBXFileReference; lastKnownFileType = file.storyboard; name = Base; path = Base.lproj/LaunchScreen.storyboard; sourceTree = "<group>"; };
		94495B4B20F8BC7100C980ED /* Info.plist */ = {isa = PBXFileReference; lastKnownFileType = text.plist.xml; path = Info.plist; sourceTree = "<group>"; };
		94495B4C20F8BC7100C980ED /* main.m */ = {isa = PBXFileReference; lastKnownFileType = sourcecode.c.objc; path = main.m; sourceTree = "<group>"; };
		94495B5320F8BCAB00C980ED /* CustomCell.h */ = {isa = PBXFileReference; fileEncoding = 4; lastKnownFileType = sourcecode.c.h; path = CustomCell.h; sourceTree = "<group>"; };
		94495B5420F8BCAB00C980ED /* CustomCell.m */ = {isa = PBXFileReference; fileEncoding = 4; lastKnownFileType = sourcecode.c.objc; path = CustomCell.m; sourceTree = "<group>"; };
		94495B5520F8BCAB00C980ED /* CustomCell.xib */ = {isa = PBXFileReference; fileEncoding = 4; lastKnownFileType = file.xib; path = CustomCell.xib; sourceTree = "<group>"; };
/* End PBXFileReference section */

/* Begin PBXFrameworksBuildPhase section */
		94495B3720F8BC7000C980ED /* Frameworks */ = {
			isa = PBXFrameworksBuildPhase;
			buildActionMask = 2147483647;
			files = (
			);
			runOnlyForDeploymentPostprocessing = 0;
		};
/* End PBXFrameworksBuildPhase section */

/* Begin PBXGroup section */
		94495B3120F8BC7000C980ED = {
			isa = PBXGroup;
			children = (
				94495B3C20F8BC7000C980ED /* TableViewCellBorder */,
				94495B3B20F8BC7000C980ED /* Products */,
			);
			sourceTree = "<group>";
		};
		94495B3B20F8BC7000C980ED /* Products */ = {
			isa = PBXGroup;
			children = (
				94495B3A20F8BC7000C980ED /* TableViewCellBorder.app */,
			);
			name = Products;
			sourceTree = "<group>";
		};
		94495B3C20F8BC7000C980ED /* TableViewCellBorder */ = {
			isa = PBXGroup;
			children = (
				94495B3D20F8BC7000C980ED /* AppDelegate.h */,
				94495B3E20F8BC7000C980ED /* AppDelegate.m */,
				94495B4020F8BC7000C980ED /* ViewController.h */,
				94495B4120F8BC7000C980ED /* ViewController.m */,
				94495B5320F8BCAB00C980ED /* CustomCell.h */,
				94495B5420F8BCAB00C980ED /* CustomCell.m */,
				94495B5520F8BCAB00C980ED /* CustomCell.xib */,
				94495B4320F8BC7000C980ED /* Main.storyboard */,
				94495B4620F8BC7100C980ED /* Assets.xcassets */,
				94495B4820F8BC7100C980ED /* LaunchScreen.storyboard */,
				94495B4B20F8BC7100C980ED /* Info.plist */,
				94495B4C20F8BC7100C980ED /* main.m */,
			);
			path = TableViewCellBorder;
			sourceTree = "<group>";
		};
/* End PBXGroup section */

/* Begin PBXNativeTarget section */
		94495B3920F8BC7000C980ED /* TableViewCellBorder */ = {
			isa = PBXNativeTarget;
			buildConfigurationList = 94495B5020F8BC7100C980ED /* Build configuration list for PBXNativeTarget "TableViewCellBorder" */;
			buildPhases = (
				94495B3620F8BC7000C980ED /* Sources */,
				94495B3720F8BC7000C980ED /* Frameworks */,
				94495B3820F8BC7000C980ED /* Resources */,
			);
			buildRules = (
			);
			dependencies = (
			);
			name = TableViewCellBorder;
			productName = TableViewCellBorder;
			productReference = 94495B3A20F8BC7000C980ED /* TableViewCellBorder.app */;
			productType = "com.apple.product-type.application";
		};
/* End PBXNativeTarget section */

/* Begin PBXProject section */
		94495B3220F8BC7000C980ED /* Project object */ = {
			isa = PBXProject;
			attributes = {
				LastUpgradeCheck = 0940;
				ORGANIZATIONNAME = "Trung Duc";
				TargetAttributes = {
					94495B3920F8BC7000C980ED = {
						CreatedOnToolsVersion = 9.4.1;
					};
				};
			};
			buildConfigurationList = 94495B3520F8BC7000C980ED /* Build configuration list for PBXProject "TableViewCellBorder" */;
			compatibilityVersion = "Xcode 9.3";
			developmentRegion = en;
			hasScannedForEncodings = 0;
			knownRegions = (
				en,
				Base,
			);
			mainGroup = 94495B3120F8BC7000C980ED;
			productRefGroup = 94495B3B20F8BC7000C980ED /* Products */;
			projectDirPath = "";
			projectRoot = "";
			targets = (
				94495B3920F8BC7000C980ED /* TableViewCellBorder */,
			);
		};
/* End PBXProject section */

/* Begin PBXResourcesBuildPhase section */
		94495B3820F8BC7000C980ED /* Resources */ = {
			isa = PBXResourcesBuildPhase;
			buildActionMask = 2147483647;
			files = (
				94495B4A20F8BC7100C980ED /* LaunchScreen.storyboard in Resources */,
				94495B4720F8BC7100C980ED /* Assets.xcassets in Resources */,
				94495B5720F8BCAB00C980ED /* CustomCell.xib in Resources */,
				94495B4520F8BC7000C980ED /* Main.storyboard in Resources */,
			);
			runOnlyForDeploymentPostprocessing = 0;
		};
/* End PBXResourcesBuildPhase section */

/* Begin PBXSourcesBuildPhase section */
		94495B3620F8BC7000C980ED /* Sources */ = {
			isa = PBXSourcesBuildPhase;
			buildActionMask = 2147483647;
			files = (
				94495B4220F8BC7000C980ED /* ViewController.m in Sources */,
				94495B4D20F8BC7100C980ED /* main.m in Sources */,
				94495B5620F8BCAB00C980ED /* CustomCell.m in Sources */,
				94495B3F20F8BC7000C980ED /* AppDelegate.m in Sources */,
			);
			runOnlyForDeploymentPostprocessing = 0;
		};
/* End PBXSourcesBuildPhase section */

/* Begin PBXVariantGroup section */
		94495B4320F8BC7000C980ED /* Main.storyboard */ = {
			isa = PBXVariantGroup;
			children = (
				94495B4420F8BC7000C980ED /* Base */,
			);
			name = Main.storyboard;
			sourceTree = "<group>";
		};
		94495B4820F8BC7100C980ED /* LaunchScreen.storyboard */ = {
			isa = PBXVariantGroup;
			children = (
				94495B4920F8BC7100C980ED /* Base */,
			);
			name = LaunchScreen.storyboard;
			sourceTree = "<group>";
		};
/* End PBXVariantGroup section */

/* Begin XCBuildConfiguration section */
		94495B4E20F8BC7100C980ED /* Debug */ = {
			isa = XCBuildConfiguration;
			buildSettings = {
				ALWAYS_SEARCH_USER_PATHS = NO;
				CLANG_ANALYZER_NONNULL = YES;
				CLANG_ANALYZER_NUMBER_OBJECT_CONVERSION = YES_AGGRESSIVE;
				CLANG_CXX_LANGUAGE_STANDARD = "gnu++14";
				CLANG_CXX_LIBRARY = "libc++";
				CLANG_ENABLE_MODULES = YES;
				CLANG_ENABLE_OBJC_ARC = YES;
				CLANG_ENABLE_OBJC_WEAK = YES;
				CLANG_WARN_BLOCK_CAPTURE_AUTORELEASING = YES;
				CLANG_WARN_BOOL_CONVERSION = YES;
				CLANG_WARN_COMMA = YES;
				CLANG_WARN_CONSTANT_CONVERSION = YES;
				CLANG_WARN_DEPRECATED_OBJC_IMPLEMENTATIONS = YES;
				CLANG_WARN_DIRECT_OBJC_ISA_USAGE = YES_ERROR;
				CLANG_WARN_DOCUMENTATION_COMMENTS = YES;
				CLANG_WARN_EMPTY_BODY = YES;
				CLANG_WARN_ENUM_CONVERSION = YES;
				CLANG_WARN_INFINITE_RECURSION = YES;
				CLANG_WARN_INT_CONVERSION = YES;
				CLANG_WARN_NON_LITERAL_NULL_CONVERSION = YES;
				CLANG_WARN_OBJC_IMPLICIT_RETAIN_SELF = YES;
				CLANG_WARN_OBJC_LITERAL_CONVERSION = YES;
				CLANG_WARN_OBJC_ROOT_CLASS = YES_ERROR;
				CLANG_WARN_RANGE_LOOP_ANALYSIS = YES;
				CLANG_WARN_STRICT_PROTOTYPES = YES;
				CLANG_WARN_SUSPICIOUS_MOVE = YES;
				CLANG_WARN_UNGUARDED_AVAILABILITY = YES_AGGRESSIVE;
				CLANG_WARN_UNREACHABLE_CODE = YES;
				CLANG_WARN__DUPLICATE_METHOD_MATCH = YES;
				CODE_SIGN_IDENTITY = "iPhone Developer";
				COPY_PHASE_STRIP = NO;
				DEBUG_INFORMATION_FORMAT = dwarf;
				ENABLE_STRICT_OBJC_MSGSEND = YES;
				ENABLE_TESTABILITY = YES;
				GCC_C_LANGUAGE_STANDARD = gnu11;
				GCC_DYNAMIC_NO_PIC = NO;
				GCC_NO_COMMON_BLOCKS = YES;
				GCC_OPTIMIZATION_LEVEL = 0;
				GCC_PREPROCESSOR_DEFINITIONS = (
					"DEBUG=1",
					"$(inherited)",
				);
				GCC_WARN_64_TO_32_BIT_CONVERSION = YES;
				GCC_WARN_ABOUT_RETURN_TYPE = YES_ERROR;
				GCC_WARN_UNDECLARED_SELECTOR = YES;
				GCC_WARN_UNINITIALIZED_AUTOS = YES_AGGRESSIVE;
				GCC_WARN_UNUSED_FUNCTION = YES;
				GCC_WARN_UNUSED_VARIABLE = YES;
				IPHONEOS_DEPLOYMENT_TARGET = 11.4;
				MTL_ENABLE_DEBUG_INFO = YES;
				ONLY_ACTIVE_ARCH = YES;
				SDKROOT = iphoneos;
			};
			name = Debug;
		};
		94495B4F20F8BC7100C980ED /* Release */ = {
			isa = XCBuildConfiguration;
			buildSettings = {
				ALWAYS_SEARCH_USER_PATHS = NO;
				CLANG_ANALYZER_NONNULL = YES;
				CLANG_ANALYZER_NUMBER_OBJECT_CONVERSION = YES_AGGRESSIVE;
				CLANG_CXX_LANGUAGE_STANDARD = "gnu++14";
				CLANG_CXX_LIBRARY = "libc++";
				CLANG_ENABLE_MODULES = YES;
				CLANG_ENABLE_OBJC_ARC = YES;
				CLANG_ENABLE_OBJC_WEAK = YES;
				CLANG_WARN_BLOCK_CAPTURE_AUTORELEASING = YES;
				CLANG_WARN_BOOL_CONVERSION = YES;
				CLANG_WARN_COMMA = YES;
				CLANG_WARN_CONSTANT_CONVERSION = YES;
				CLANG_WARN_DEPRECATED_OBJC_IMPLEMENTATIONS = YES;
				CLANG_WARN_DIRECT_OBJC_ISA_USAGE = YES_ERROR;
				CLANG_WARN_DOCUMENTATION_COMMENTS = YES;
				CLANG_WARN_EMPTY_BODY = YES;
				CLANG_WARN_ENUM_CONVERSION = YES;
				CLANG_WARN_INFINITE_RECURSION = YES;
				CLANG_WARN_INT_CONVERSION = YES;
				CLANG_WARN_NON_LITERAL_NULL_CONVERSION = YES;
				CLANG_WARN_OBJC_IMPLICIT_RETAIN_SELF = YES;
				CLANG_WARN_OBJC_LITERAL_CONVERSION = YES;
				CLANG_WARN_OBJC_ROOT_CLASS = YES_ERROR;
				CLANG_WARN_RANGE_LOOP_ANALYSIS = YES;
				CLANG_WARN_STRICT_PROTOTYPES = YES;
				CLANG_WARN_SUSPICIOUS_MOVE = YES;
				CLANG_WARN_UNGUARDED_AVAILABILITY = YES_AGGRESSIVE;
				CLANG_WARN_UNREACHABLE_CODE = YES;
				CLANG_WARN__DUPLICATE_METHOD_MATCH = YES;
				CODE_SIGN_IDENTITY = "iPhone Developer";
				COPY_PHASE_STRIP = NO;
				DEBUG_INFORMATION_FORMAT = "dwarf-with-dsym";
				ENABLE_NS_ASSERTIONS = NO;
				ENABLE_STRICT_OBJC_MSGSEND = YES;
				GCC_C_LANGUAGE_STANDARD = gnu11;
				GCC_NO_COMMON_BLOCKS = YES;
				GCC_WARN_64_TO_32_BIT_CONVERSION = YES;
				GCC_WARN_ABOUT_RETURN_TYPE = YES_ERROR;
				GCC_WARN_UNDECLARED_SELECTOR = YES;
				GCC_WARN_UNINITIALIZED_AUTOS = YES_AGGRESSIVE;
				GCC_WARN_UNUSED_FUNCTION = YES;
				GCC_WARN_UNUSED_VARIABLE = YES;
				IPHONEOS_DEPLOYMENT_TARGET = 11.4;
				MTL_ENABLE_DEBUG_INFO = NO;
				SDKROOT = iphoneos;
				VALIDATE_PRODUCT = YES;
			};
			name = Release;
		};
		94495B5120F8BC7100C980ED /* Debug */ = {
			isa = XCBuildConfiguration;
			buildSettings = {
				ASSETCATALOG_COMPILER_APPICON_NAME = AppIcon;
				CODE_SIGN_STYLE = Automatic;
				INFOPLIST_FILE = TableViewCellBorder/Info.plist;
				LD_RUNPATH_SEARCH_PATHS = (
					"$(inherited)",
					"@executable_path/Frameworks",
				);
				PRODUCT_BUNDLE_IDENTIFIER = com.trungduc.TableViewCellBorder;
				PRODUCT_NAME = "$(TARGET_NAME)";
				TARGETED_DEVICE_FAMILY = "1,2";
			};
			name = Debug;
		};
		94495B5220F8BC7100C980ED /* Release */ = {
			isa = XCBuildConfiguration;
			buildSettings = {
				ASSETCATALOG_COMPILER_APPICON_NAME = AppIcon;
				CODE_SIGN_STYLE = Automatic;
				INFOPLIST_FILE = TableViewCellBorder/Info.plist;
				LD_RUNPATH_SEARCH_PATHS = (
					"$(inherited)",
					"@executable_path/Frameworks",
				);
				PRODUCT_BUNDLE_IDENTIFIER = com.trungduc.TableViewCellBorder;
				PRODUCT_NAME = "$(TARGET_NAME)";
				TARGETED_DEVICE_FAMILY = "1,2";
			};
			name = Release;
		};
/* End XCBuildConfiguration section */

/* Begin XCConfigurationList section */
		94495B3520F8BC7000C980ED /* Build configuration list for PBXProject "TableViewCellBorder" */ = {
			isa = XCConfigurationList;
			buildConfigurations = (
				94495B4E20F8BC7100C980ED /* Debug */,
				94495B4F20F8BC7100C980ED /* Release */,
			);
			defaultConfigurationIsVisible = 0;
			defaultConfigurationName = Release;
		};
		94495B5020F8BC7100C980ED /* Build configuration list for PBXNativeTarget "TableViewCellBorder" */ = {
			isa = XCConfigurationList;
			buildConfigurations = (
				94495B5120F8BC7100C980ED /* Debug */,
				94495B5220F8BC7100C980ED /* Release */,
			);
			defaultConfigurationIsVisible = 0;
			defaultConfigurationName = Release;
		};
/* End XCConfigurationList section */
	};
	rootObject = 94495B3220F8BC7000C980ED /* Project object */;
}
