// !$*UTF8*$!
{
	archiveVersion = 1;
	classes = {
	};
	objectVersion = 50;
	objects = {

/* Begin PBXBuildFile section */
		94616DD420F91ED40040B831 /* AppDelegate.m in Sources */ = {isa = PBXBuildFile; fileRef = 94616DD320F91ED40040B831 /* AppDelegate.m */; };
		94616DD720F91ED40040B831 /* ViewController.m in Sources */ = {isa = PBXBuildFile; fileRef = 94616DD620F91ED40040B831 /* ViewController.m */; };
		94616DDA20F91ED40040B831 /* Main.storyboard in Resources */ = {isa = PBXBuildFile; fileRef = 94616DD820F91ED40040B831 /* Main.storyboard */; };
		94616DDC20F91ED40040B831 /* Assets.xcassets in Resources */ = {isa = PBXBuildFile; fileRef = 94616DDB20F91ED40040B831 /* Assets.xcassets */; };
		94616DDF20F91ED40040B831 /* LaunchScreen.storyboard in Resources */ = {isa = PBXBuildFile; fileRef = 94616DDD20F91ED40040B831 /* LaunchScreen.storyboard */; };
		94616DE220F91ED40040B831 /* main.m in Sources */ = {isa = PBXBuildFile; fileRef = 94616DE120F91ED40040B831 /* main.m */; };
/* End PBXBuildFile section */

/* Begin PBXFileReference section */
		94616DCF20F91ED40040B831 /* TouchingStatusBarEffect.app */ = {isa = PBXFileReference; explicitFileType = wrapper.application; includeInIndex = 0; path = TouchingStatusBarEffect.app; sourceTree = BUILT_PRODUCTS_DIR; };
		94616DD220F91ED40040B831 /* AppDelegate.h */ = {isa = PBXFileReference; lastKnownFileType = sourcecode.c.h; path = AppDelegate.h; sourceTree = "<group>"; };
		94616DD320F91ED40040B831 /* AppDelegate.m */ = {isa = PBXFileReference; lastKnownFileType = sourcecode.c.objc; path = AppDelegate.m; sourceTree = "<group>"; };
		94616DD520F91ED40040B831 /* ViewController.h */ = {isa = PBXFileReference; lastKnownFileType = sourcecode.c.h; path = ViewController.h; sourceTree = "<group>"; };
		94616DD620F91ED40040B831 /* ViewController.m */ = {isa = PBXFileReference; lastKnownFileType = sourcecode.c.objc; path = ViewController.m; sourceTree = "<group>"; };
		94616DD920F91ED40040B831 /* Base */ = {isa = PBXFileReference; lastKnownFileType = file.storyboard; name = Base; path = Base.lproj/Main.storyboard; sourceTree = "<group>"; };
		94616DDB20F91ED40040B831 /* Assets.xcassets */ = {isa = PBXFileReference; lastKnownFileType = folder.assetcatalog; path = Assets.xcassets; sourceTree = "<group>"; };
		94616DDE20F91ED40040B831 /* Base */ = {isa = PBXFileReference; lastKnownFileType = file.storyboard; name = Base; path = Base.lproj/LaunchScreen.storyboard; sourceTree = "<group>"; };
		94616DE020F91ED40040B831 /* Info.plist */ = {isa = PBXFileReference; lastKnownFileType = text.plist.xml; path = Info.plist; sourceTree = "<group>"; };
		94616DE120F91ED40040B831 /* main.m */ = {isa = PBXFileReference; lastKnownFileType = sourcecode.c.objc; path = main.m; sourceTree = "<group>"; };
/* End PBXFileReference section */

/* Begin PBXFrameworksBuildPhase section */
		94616DCC20F91ED40040B831 /* Frameworks */ = {
			isa = PBXFrameworksBuildPhase;
			buildActionMask = 2147483647;
			files = (
			);
			runOnlyForDeploymentPostprocessing = 0;
		};
/* End PBXFrameworksBuildPhase section */

/* Begin PBXGroup section */
		94616DC620F91ED40040B831 = {
			isa = PBXGroup;
			children = (
				94616DD120F91ED40040B831 /* TouchingStatusBarEffect */,
				94616DD020F91ED40040B831 /* Products */,
			);
			sourceTree = "<group>";
		};
		94616DD020F91ED40040B831 /* Products */ = {
			isa = PBXGroup;
			children = (
				94616DCF20F91ED40040B831 /* TouchingStatusBarEffect.app */,
			);
			name = Products;
			sourceTree = "<group>";
		};
		94616DD120F91ED40040B831 /* TouchingStatusBarEffect */ = {
			isa = PBXGroup;
			children = (
				94616DD220F91ED40040B831 /* AppDelegate.h */,
				94616DD320F91ED40040B831 /* AppDelegate.m */,
				94616DD520F91ED40040B831 /* ViewController.h */,
				94616DD620F91ED40040B831 /* ViewController.m */,
				94616DD820F91ED40040B831 /* Main.storyboard */,
				94616DDB20F91ED40040B831 /* Assets.xcassets */,
				94616DDD20F91ED40040B831 /* LaunchScreen.storyboard */,
				94616DE020F91ED40040B831 /* Info.plist */,
				94616DE120F91ED40040B831 /* main.m */,
			);
			path = TouchingStatusBarEffect;
			sourceTree = "<group>";
		};
/* End PBXGroup section */

/* Begin PBXNativeTarget section */
		94616DCE20F91ED40040B831 /* TouchingStatusBarEffect */ = {
			isa = PBXNativeTarget;
			buildConfigurationList = 94616DE520F91ED40040B831 /* Build configuration list for PBXNativeTarget "TouchingStatusBarEffect" */;
			buildPhases = (
				94616DCB20F91ED40040B831 /* Sources */,
				94616DCC20F91ED40040B831 /* Frameworks */,
				94616DCD20F91ED40040B831 /* Resources */,
			);
			buildRules = (
			);
			dependencies = (
			);
			name = TouchingStatusBarEffect;
			productName = TouchingStatusBarEffect;
			productReference = 94616DCF20F91ED40040B831 /* TouchingStatusBarEffect.app */;
			productType = "com.apple.product-type.application";
		};
/* End PBXNativeTarget section */

/* Begin PBXProject section */
		94616DC720F91ED40040B831 /* Project object */ = {
			isa = PBXProject;
			attributes = {
				LastUpgradeCheck = 0940;
				ORGANIZATIONNAME = "Trung Duc";
				TargetAttributes = {
					94616DCE20F91ED40040B831 = {
						CreatedOnToolsVersion = 9.4.1;
					};
				};
			};
			buildConfigurationList = 94616DCA20F91ED40040B831 /* Build configuration list for PBXProject "TouchingStatusBarEffect" */;
			compatibilityVersion = "Xcode 9.3";
			developmentRegion = en;
			hasScannedForEncodings = 0;
			knownRegions = (
				en,
				Base,
			);
			mainGroup = 94616DC620F91ED40040B831;
			productRefGroup = 94616DD020F91ED40040B831 /* Products */;
			projectDirPath = "";
			projectRoot = "";
			targets = (
				94616DCE20F91ED40040B831 /* TouchingStatusBarEffect */,
			);
		};
/* End PBXProject section */

/* Begin PBXResourcesBuildPhase section */
		94616DCD20F91ED40040B831 /* Resources */ = {
			isa = PBXResourcesBuildPhase;
			buildActionMask = 2147483647;
			files = (
				94616DDF20F91ED40040B831 /* LaunchScreen.storyboard in Resources */,
				94616DDC20F91ED40040B831 /* Assets.xcassets in Resources */,
				94616DDA20F91ED40040B831 /* Main.storyboard in Resources */,
			);
			runOnlyForDeploymentPostprocessing = 0;
		};
/* End PBXResourcesBuildPhase section */

/* Begin PBXSourcesBuildPhase section */
		94616DCB20F91ED40040B831 /* Sources */ = {
			isa = PBXSourcesBuildPhase;
			buildActionMask = 2147483647;
			files = (
				94616DD720F91ED40040B831 /* ViewController.m in Sources */,
				94616DE220F91ED40040B831 /* main.m in Sources */,
				94616DD420F91ED40040B831 /* AppDelegate.m in Sources */,
			);
			runOnlyForDeploymentPostprocessing = 0;
		};
/* End PBXSourcesBuildPhase section */

/* Begin PBXVariantGroup section */
		94616DD820F91ED40040B831 /* Main.storyboard */ = {
			isa = PBXVariantGroup;
			children = (
				94616DD920F91ED40040B831 /* Base */,
			);
			name = Main.storyboard;
			sourceTree = "<group>";
		};
		94616DDD20F91ED40040B831 /* LaunchScreen.storyboard */ = {
			isa = PBXVariantGroup;
			children = (
				94616DDE20F91ED40040B831 /* Base */,
			);
			name = LaunchScreen.storyboard;
			sourceTree = "<group>";
		};
/* End PBXVariantGroup section */

/* Begin XCBuildConfiguration section */
		94616DE320F91ED40040B831 /* Debug */ = {
			isa = XCBuildConfiguration;
			buildSettings = {
				ALWAYS_SEARCH_USER_PATHS = NO;
				CLANG_ANALYZER_NONNULL = YES;
				CLANG_ANALYZER_NUMBER_OBJECT_CONVERSION = YES_AGGRESSIVE;
				CLANG_CXX_LANGUAGE_STANDARD = "gnu++14";
				CLANG_CXX_LIBRARY = "libc++";
				CLANG_ENABLE_MODULES = YES;
				CLANG_ENABLE_OBJC_ARC = YES;
				CLANG_ENABLE_OBJC_WEAK = YES;
				CLANG_WARN_BLOCK_CAPTURE_AUTORELEASING = YES;
				CLANG_WARN_BOOL_CONVERSION = YES;
				CLANG_WARN_COMMA = YES;
				CLANG_WARN_CONSTANT_CONVERSION = YES;
				CLANG_WARN_DEPRECATED_OBJC_IMPLEMENTATIONS = YES;
				CLANG_WARN_DIRECT_OBJC_ISA_USAGE = YES_ERROR;
				CLANG_WARN_DOCUMENTATION_COMMENTS = YES;
				CLANG_WARN_EMPTY_BODY = YES;
				CLANG_WARN_ENUM_CONVERSION = YES;
				CLANG_WARN_INFINITE_RECURSION = YES;
				CLANG_WARN_INT_CONVERSION = YES;
				CLANG_WARN_NON_LITERAL_NULL_CONVERSION = YES;
				CLANG_WARN_OBJC_IMPLICIT_RETAIN_SELF = YES;
				CLANG_WARN_OBJC_LITERAL_CONVERSION = YES;
				CLANG_WARN_OBJC_ROOT_CLASS = YES_ERROR;
				CLANG_WARN_RANGE_LOOP_ANALYSIS = YES;
				CLANG_WARN_STRICT_PROTOTYPES = YES;
				CLANG_WARN_SUSPICIOUS_MOVE = YES;
				CLANG_WARN_UNGUARDED_AVAILABILITY = YES_AGGRESSIVE;
				CLANG_WARN_UNREACHABLE_CODE = YES;
				CLANG_WARN__DUPLICATE_METHOD_MATCH = YES;
				CODE_SIGN_IDENTITY = "iPhone Developer";
				COPY_PHASE_STRIP = NO;
				DEBUG_INFORMATION_FORMAT = dwarf;
				ENABLE_STRICT_OBJC_MSGSEND = YES;
				ENABLE_TESTABILITY = YES;
				GCC_C_LANGUAGE_STANDARD = gnu11;
				GCC_DYNAMIC_NO_PIC = NO;
				GCC_NO_COMMON_BLOCKS = YES;
				GCC_OPTIMIZATION_LEVEL = 0;
				GCC_PREPROCESSOR_DEFINITIONS = (
					"DEBUG=1",
					"$(inherited)",
				);
				GCC_WARN_64_TO_32_BIT_CONVERSION = YES;
				GCC_WARN_ABOUT_RETURN_TYPE = YES_ERROR;
				GCC_WARN_UNDECLARED_SELECTOR = YES;
				GCC_WARN_UNINITIALIZED_AUTOS = YES_AGGRESSIVE;
				GCC_WARN_UNUSED_FUNCTION = YES;
				GCC_WARN_UNUSED_VARIABLE = YES;
				IPHONEOS_DEPLOYMENT_TARGET = 11.4;
				MTL_ENABLE_DEBUG_INFO = YES;
				ONLY_ACTIVE_ARCH = YES;
				SDKROOT = iphoneos;
			};
			name = Debug;
		};
		94616DE420F91ED40040B831 /* Release */ = {
			isa = XCBuildConfiguration;
			buildSettings = {
				ALWAYS_SEARCH_USER_PATHS = NO;
				CLANG_ANALYZER_NONNULL = YES;
				CLANG_ANALYZER_NUMBER_OBJECT_CONVERSION = YES_AGGRESSIVE;
				CLANG_CXX_LANGUAGE_STANDARD = "gnu++14";
				CLANG_CXX_LIBRARY = "libc++";
				CLANG_ENABLE_MODULES = YES;
				CLANG_ENABLE_OBJC_ARC = YES;
				CLANG_ENABLE_OBJC_WEAK = YES;
				CLANG_WARN_BLOCK_CAPTURE_AUTORELEASING = YES;
				CLANG_WARN_BOOL_CONVERSION = YES;
				CLANG_WARN_COMMA = YES;
				CLANG_WARN_CONSTANT_CONVERSION = YES;
				CLANG_WARN_DEPRECATED_OBJC_IMPLEMENTATIONS = YES;
				CLANG_WARN_DIRECT_OBJC_ISA_USAGE = YES_ERROR;
				CLANG_WARN_DOCUMENTATION_COMMENTS = YES;
				CLANG_WARN_EMPTY_BODY = YES;
				CLANG_WARN_ENUM_CONVERSION = YES;
				CLANG_WARN_INFINITE_RECURSION = YES;
				CLANG_WARN_INT_CONVERSION = YES;
				CLANG_WARN_NON_LITERAL_NULL_CONVERSION = YES;
				CLANG_WARN_OBJC_IMPLICIT_RETAIN_SELF = YES;
				CLANG_WARN_OBJC_LITERAL_CONVERSION = YES;
				CLANG_WARN_OBJC_ROOT_CLASS = YES_ERROR;
				CLANG_WARN_RANGE_LOOP_ANALYSIS = YES;
				CLANG_WARN_STRICT_PROTOTYPES = YES;
				CLANG_WARN_SUSPICIOUS_MOVE = YES;
				CLANG_WARN_UNGUARDED_AVAILABILITY = YES_AGGRESSIVE;
				CLANG_WARN_UNREACHABLE_CODE = YES;
				CLANG_WARN__DUPLICATE_METHOD_MATCH = YES;
				CODE_SIGN_IDENTITY = "iPhone Developer";
				COPY_PHASE_STRIP = NO;
				DEBUG_INFORMATION_FORMAT = "dwarf-with-dsym";
				ENABLE_NS_ASSERTIONS = NO;
				ENABLE_STRICT_OBJC_MSGSEND = YES;
				GCC_C_LANGUAGE_STANDARD = gnu11;
				GCC_NO_COMMON_BLOCKS = YES;
				GCC_WARN_64_TO_32_BIT_CONVERSION = YES;
				GCC_WARN_ABOUT_RETURN_TYPE = YES_ERROR;
				GCC_WARN_UNDECLARED_SELECTOR = YES;
				GCC_WARN_UNINITIALIZED_AUTOS = YES_AGGRESSIVE;
				GCC_WARN_UNUSED_FUNCTION = YES;
				GCC_WARN_UNUSED_VARIABLE = YES;
				IPHONEOS_DEPLOYMENT_TARGET = 11.4;
				MTL_ENABLE_DEBUG_INFO = NO;
				SDKROOT = iphoneos;
				VALIDATE_PRODUCT = YES;
			};
			name = Release;
		};
		94616DE620F91ED40040B831 /* Debug */ = {
			isa = XCBuildConfiguration;
			buildSettings = {
				ASSETCATALOG_COMPILER_APPICON_NAME = AppIcon;
				CODE_SIGN_STYLE = Automatic;
				INFOPLIST_FILE = TouchingStatusBarEffect/Info.plist;
				LD_RUNPATH_SEARCH_PATHS = (
					"$(inherited)",
					"@executable_path/Frameworks",
				);
				PRODUCT_BUNDLE_IDENTIFIER = com.trungduc.TouchingStatusBarEffect;
				PRODUCT_NAME = "$(TARGET_NAME)";
				TARGETED_DEVICE_FAMILY = "1,2";
			};
			name = Debug;
		};
		94616DE720F91ED40040B831 /* Release */ = {
			isa = XCBuildConfiguration;
			buildSettings = {
				ASSETCATALOG_COMPILER_APPICON_NAME = AppIcon;
				CODE_SIGN_STYLE = Automatic;
				INFOPLIST_FILE = TouchingStatusBarEffect/Info.plist;
				LD_RUNPATH_SEARCH_PATHS = (
					"$(inherited)",
					"@executable_path/Frameworks",
				);
				PRODUCT_BUNDLE_IDENTIFIER = com.trungduc.TouchingStatusBarEffect;
				PRODUCT_NAME = "$(TARGET_NAME)";
				TARGETED_DEVICE_FAMILY = "1,2";
			};
			name = Release;
		};
/* End XCBuildConfiguration section */

/* Begin XCConfigurationList section */
		94616DCA20F91ED40040B831 /* Build configuration list for PBXProject "TouchingStatusBarEffect" */ = {
			isa = XCConfigurationList;
			buildConfigurations = (
				94616DE320F91ED40040B831 /* Debug */,
				94616DE420F91ED40040B831 /* Release */,
			);
			defaultConfigurationIsVisible = 0;
			defaultConfigurationName = Release;
		};
		94616DE520F91ED40040B831 /* Build configuration list for PBXNativeTarget "TouchingStatusBarEffect" */ = {
			isa = XCConfigurationList;
			buildConfigurations = (
				94616DE620F91ED40040B831 /* Debug */,
				94616DE720F91ED40040B831 /* Release */,
			);
			defaultConfigurationIsVisible = 0;
			defaultConfigurationName = Release;
		};
/* End XCConfigurationList section */
	};
	rootObject = 94616DC720F91ED40040B831 /* Project object */;
}
